
Microsoft Visual Studio Solution File, Format Version 11.00
# Visual Studio 2010
Project("{FAE04EC0-301F-11D3-BF4B-00C04F79EFBC}") = "Lucene.Net.Analysis.Fa", "Lucene.Net.Analysis.Fa\Lucene.Net.Analysis.Fa.csproj", "{68506C1C-456B-4144-A799-F71A5B7D7034}"
EndProject
Global
	GlobalSection(SolutionConfigurationPlatforms) = preSolution
		Debug|Any CPU = Debug|Any CPU
		Release|Any CPU = Release|Any CPU
	EndGlobalSection
	GlobalSection(ProjectConfigurationPlatforms) = postSolution
		{68506C1C-456B-4144-A799-F71A5B7D7034}.Debug|Any CPU.ActiveCfg = Debug|Any CPU
		{68506C1C-456B-4144-A799-F71A5B7D7034}.Debug|Any CPU.Build.0 = Debug|Any CPU
		{68506C1C-456B-4144-A799-F71A5B7D7034}.Release|Any CPU.ActiveCfg = Release|Any CPU
		{68506C1C-456B-4144-A799-F71A5B7D7034}.Release|Any CPU.Build.0 = Release|Any CPU
	EndGlobalSection
	GlobalSection(SolutionProperties) = preSolution
		HideSolutionNode = FALSE
	EndGlobalSection
EndGlobal
